
Microsoft Visual Studio Solution File, Format Version 12.00
# Visual Studio Version 16
VisualStudioVersion = 16.0.31105.61
MinimumVisualStudioVersion = 10.0.40219.1
Project("{FAE04EC0-301F-11D3-BF4B-00C04F79EFBC}") = "DriverSmartIMS.UWP", "DriverSmartIMS\DriverSmartIMS.UWP\DriverSmartIMS.UWP.csproj", "{26F2A266-F0E2-4F4C-9206-CF49B6A79A99}"
EndProject
Project("{FAE04EC0-301F-11D3-BF4B-00C04F79EFBC}") = "DriverSmartIMS.Android", "DriverSmartIMS\DriverSmartIMS.Android\DriverSmartIMS.Android.csproj", "{BBB2BBF6-FFB8-46E6-8E98-620F819EB301}"
EndProject
Project("{FAE04EC0-301F-11D3-BF4B-00C04F79EFBC}") = "DriverSmartIMS.iOS", "DriverSmartIMS\DriverSmartIMS.iOS\DriverSmartIMS.iOS.csproj", "{5AC41CE4-EFEF-47F3-88D6-64AA0EB7E747}"
EndProject
Project("{FAE04EC0-301F-11D3-BF4B-00C04F79EFBC}") = "DriverSmartIMS", "DriverSmartIMS\DriverSmartIMS\DriverSmartIMS.csproj", "{0223975F-EAF5-446E-905E-FA5A8EFD3629}"
EndProject
Global
	GlobalSection(SolutionConfigurationPlatforms) = preSolution
		Debug|Any CPU = Debug|Any CPU
		Debug|ARM = Debug|ARM
		Debug|iPhone = Debug|iPhone
		Debug|iPhoneSimulator = Debug|iPhoneSimulator
		Debug|x64 = Debug|x64
		Debug|x86 = Debug|x86
		Release|Any CPU = Release|Any CPU
		Release|ARM = Release|ARM
		Release|iPhone = Release|iPhone
		Release|iPhoneSimulator = Release|iPhoneSimulator
		Release|x64 = Release|x64
		Release|x86 = Release|x86
	EndGlobalSection
	GlobalSection(ProjectConfigurationPlatforms) = postSolution
		{26F2A266-F0E2-4F4C-9206-CF49B6A79A99}.Debug|Any CPU.ActiveCfg = Debug|x86
		{26F2A266-F0E2-4F4C-9206-CF49B6A79A99}.Debug|Any CPU.Build.0 = Debug|x86
		{26F2A266-F0E2-4F4C-9206-CF49B6A79A99}.Debug|Any CPU.Deploy.0 = Debug|x86
		{26F2A266-F0E2-4F4C-9206-CF49B6A79A99}.Debug|ARM.ActiveCfg = Debug|ARM
		{26F2A266-F0E2-4F4C-9206-CF49B6A79A99}.Debug|ARM.Build.0 = Debug|ARM
		{26F2A266-F0E2-4F4C-9206-CF49B6A79A99}.Debug|ARM.Deploy.0 = Debug|ARM
		{26F2A266-F0E2-4F4C-9206-CF49B6A79A99}.Debug|iPhone.ActiveCfg = Debug|x86
		{26F2A266-F0E2-4F4C-9206-CF49B6A79A99}.Debug|iPhone.Build.0 = Debug|x86
		{26F2A266-F0E2-4F4C-9206-CF49B6A79A99}.Debug|iPhone.Deploy.0 = Debug|x86
		{26F2A266-F0E2-4F4C-9206-CF49B6A79A99}.Debug|iPhoneSimulator.ActiveCfg = Debug|x86
		{26F2A266-F0E2-4F4C-9206-CF49B6A79A99}.Debug|iPhoneSimulator.Build.0 = Debug|x86
		{26F2A266-F0E2-4F4C-9206-CF49B6A79A99}.Debug|iPhoneSimulator.Deploy.0 = Debug|x86
		{26F2A266-F0E2-4F4C-9206-CF49B6A79A99}.Debug|x64.ActiveCfg = Debug|x64
		{26F2A266-F0E2-4F4C-9206-CF49B6A79A99}.Debug|x64.Build.0 = Debug|x64
		{26F2A266-F0E2-4F4C-9206-CF49B6A79A99}.Debug|x64.Deploy.0 = Debug|x64
		{26F2A266-F0E2-4F4C-9206-CF49B6A79A99}.Debug|x86.ActiveCfg = Debug|x86
		{26F2A266-F0E2-4F4C-9206-CF49B6A79A99}.Debug|x86.Build.0 = Debug|x86
		{26F2A266-F0E2-4F4C-9206-CF49B6A79A99}.Debug|x86.Deploy.0 = Debug|x86
		{26F2A266-F0E2-4F4C-9206-CF49B6A79A99}.Release|Any CPU.ActiveCfg = Release|x86
		{26F2A266-F0E2-4F4C-9206-CF49B6A79A99}.Release|Any CPU.Build.0 = Release|x86
		{26F2A266-F0E2-4F4C-9206-CF49B6A79A99}.Release|Any CPU.Deploy.0 = Release|x86
		{26F2A266-F0E2-4F4C-9206-CF49B6A79A99}.Release|ARM.ActiveCfg = Release|ARM
		{26F2A266-F0E2-4F4C-9206-CF49B6A79A99}.Release|ARM.Build.0 = Release|ARM
		{26F2A266-F0E2-4F4C-9206-CF49B6A79A99}.Release|ARM.Deploy.0 = Release|ARM
		{26F2A266-F0E2-4F4C-9206-CF49B6A79A99}.Release|iPhone.ActiveCfg = Release|x86
		{26F2A266-F0E2-4F4C-9206-CF49B6A79A99}.Release|iPhone.Build.0 = Release|x86
		{26F2A266-F0E2-4F4C-9206-CF49B6A79A99}.Release|iPhone.Deploy.0 = Release|x86
		{26F2A266-F0E2-4F4C-9206-CF49B6A79A99}.Release|iPhoneSimulator.ActiveCfg = Release|x86
		{26F2A266-F0E2-4F4C-9206-CF49B6A79A99}.Release|iPhoneSimulator.Build.0 = Release|x86
		{26F2A266-F0E2-4F4C-9206-CF49B6A79A99}.Release|iPhoneSimulator.Deploy.0 = Release|x86
		{26F2A266-F0E2-4F4C-9206-CF49B6A79A99}.Release|x64.ActiveCfg = Release|x64
		{26F2A266-F0E2-4F4C-9206-CF49B6A79A99}.Release|x64.Build.0 = Release|x64
		{26F2A266-F0E2-4F4C-9206-CF49B6A79A99}.Release|x64.Deploy.0 = Release|x64
		{26F2A266-F0E2-4F4C-9206-CF49B6A79A99}.Release|x86.ActiveCfg = Release|x86
		{26F2A266-F0E2-4F4C-9206-CF49B6A79A99}.Release|x86.Build.0 = Release|x86
		{26F2A266-F0E2-4F4C-9206-CF49B6A79A99}.Release|x86.Deploy.0 = Release|x86
		{BBB2BBF6-FFB8-46E6-8E98-620F819EB301}.Debug|Any CPU.ActiveCfg = Debug|Any CPU
		{BBB2BBF6-FFB8-46E6-8E98-620F819EB301}.Debug|Any CPU.Build.0 = Debug|Any CPU
		{BBB2BBF6-FFB8-46E6-8E98-620F819EB301}.Debug|Any CPU.Deploy.0 = Debug|Any CPU
		{BBB2BBF6-FFB8-46E6-8E98-620F819EB301}.Debug|ARM.ActiveCfg = Debug|Any CPU
		{BBB2BBF6-FFB8-46E6-8E98-620F819EB301}.Debug|ARM.Build.0 = Debug|Any CPU
		{BBB2BBF6-FFB8-46E6-8E98-620F819EB301}.Debug|ARM.Deploy.0 = Debug|Any CPU
		{BBB2BBF6-FFB8-46E6-8E98-620F819EB301}.Debug|iPhone.ActiveCfg = Debug|Any CPU
		{BBB2BBF6-FFB8-46E6-8E98-620F819EB301}.Debug|iPhone.Build.0 = Debug|Any CPU
		{BBB2BBF6-FFB8-46E6-8E98-620F819EB301}.Debug|iPhone.Deploy.0 = Debug|Any CPU
		{BBB2BBF6-FFB8-46E6-8E98-620F819EB301}.Debug|iPhoneSimulator.ActiveCfg = Debug|Any CPU
		{BBB2BBF6-FFB8-46E6-8E98-620F819EB301}.Debug|iPhoneSimulator.Build.0 = Debug|Any CPU
		{BBB2BBF6-FFB8-46E6-8E98-620F819EB301}.Debug|iPhoneSimulator.Deploy.0 = Debug|Any CPU
		{BBB2BBF6-FFB8-46E6-8E98-620F819EB301}.Debug|x64.ActiveCfg = Debug|Any CPU
		{BBB2BBF6-FFB8-46E6-8E98-620F819EB301}.Debug|x64.Build.0 = Debug|Any CPU
		{BBB2BBF6-FFB8-46E6-8E98-620F819EB301}.Debug|x64.Deploy.0 = Debug|Any CPU
		{BBB2BBF6-FFB8-46E6-8E98-620F819EB301}.Debug|x86.ActiveCfg = Debug|Any CPU
		{BBB2BBF6-FFB8-46E6-8E98-620F819EB301}.Debug|x86.Build.0 = Debug|Any CPU
		{BBB2BBF6-FFB8-46E6-8E98-620F819EB301}.Debug|x86.Deploy.0 = Debug|Any CPU
		{BBB2BBF6-FFB8-46E6-8E98-620F819EB301}.Release|Any CPU.ActiveCfg = Release|Any CPU
		{BBB2BBF6-FFB8-46E6-8E98-620F819EB301}.Release|Any CPU.Build.0 = Release|Any CPU
		{BBB2BBF6-FFB8-46E6-8E98-620F819EB301}.Release|Any CPU.Deploy.0 = Release|Any CPU
		{BBB2BBF6-FFB8-46E6-8E98-620F819EB301}.Release|ARM.ActiveCfg = Release|Any CPU
		{BBB2BBF6-FFB8-46E6-8E98-620F819EB301}.Release|ARM.Build.0 = Release|Any CPU
		{BBB2BBF6-FFB8-46E6-8E98-620F819EB301}.Release|ARM.Deploy.0 = Release|Any CPU
		{BBB2BBF6-FFB8-46E6-8E98-620F819EB301}.Release|iPhone.ActiveCfg = Release|Any CPU
		{BBB2BBF6-FFB8-46E6-8E98-620F819EB301}.Release|iPhone.Build.0 = Release|Any CPU
		{BBB2BBF6-FFB8-46E6-8E98-620F819EB301}.Release|iPhone.Deploy.0 = Release|Any CPU
		{BBB2BBF6-FFB8-46E6-8E98-620F819EB301}.Release|iPhoneSimulator.ActiveCfg = Release|Any CPU
		{BBB2BBF6-FFB8-46E6-8E98-620F819EB301}.Release|iPhoneSimulator.Build.0 = Release|Any CPU
		{BBB2BBF6-FFB8-46E6-8E98-620F819EB301}.Release|iPhoneSimulator.Deploy.0 = Release|Any CPU
		{BBB2BBF6-FFB8-46E6-8E98-620F819EB301}.Release|x64.ActiveCfg = Release|Any CPU
		{BBB2BBF6-FFB8-46E6-8E98-620F819EB301}.Release|x64.Build.0 = Release|Any CPU
		{BBB2BBF6-FFB8-46E6-8E98-620F819EB301}.Release|x64.Deploy.0 = Release|Any CPU
		{BBB2BBF6-FFB8-46E6-8E98-620F819EB301}.Release|x86.ActiveCfg = Release|Any CPU
		{BBB2BBF6-FFB8-46E6-8E98-620F819EB301}.Release|x86.Build.0 = Release|Any CPU
		{BBB2BBF6-FFB8-46E6-8E98-620F819EB301}.Release|x86.Deploy.0 = Release|Any CPU
		{5AC41CE4-EFEF-47F3-88D6-64AA0EB7E747}.Debug|Any CPU.ActiveCfg = Debug|iPhoneSimulator
		{5AC41CE4-EFEF-47F3-88D6-64AA0EB7E747}.Debug|Any CPU.Build.0 = Debug|iPhoneSimulator
		{5AC41CE4-EFEF-47F3-88D6-64AA0EB7E747}.Debug|Any CPU.Deploy.0 = Debug|iPhoneSimulator
		{5AC41CE4-EFEF-47F3-88D6-64AA0EB7E747}.Debug|ARM.ActiveCfg = Debug|iPhone
		{5AC41CE4-EFEF-47F3-88D6-64AA0EB7E747}.Debug|ARM.Build.0 = Debug|iPhone
		{5AC41CE4-EFEF-47F3-88D6-64AA0EB7E747}.Debug|ARM.Deploy.0 = Debug|iPhone
		{5AC41CE4-EFEF-47F3-88D6-64AA0EB7E747}.Debug|iPhone.ActiveCfg = Debug|iPhone
		{5AC41CE4-EFEF-47F3-88D6-64AA0EB7E747}.Debug|iPhone.Build.0 = Debug|iPhone
		{5AC41CE4-EFEF-47F3-88D6-64AA0EB7E747}.Debug|iPhone.Deploy.0 = Debug|iPhone
		{5AC41CE4-EFEF-47F3-88D6-64AA0EB7E747}.Debug|iPhoneSimulator.ActiveCfg = Debug|iPhoneSimulator
		{5AC41CE4-EFEF-47F3-88D6-64AA0EB7E747}.Debug|iPhoneSimulator.Build.0 = Debug|iPhoneSimulator
		{5AC41CE4-EFEF-47F3-88D6-64AA0EB7E747}.Debug|iPhoneSimulator.Deploy.0 = Debug|iPhoneSimulator
		{5AC41CE4-EFEF-47F3-88D6-64AA0EB7E747}.Debug|x64.ActiveCfg = Debug|iPhoneSimulator
		{5AC41CE4-EFEF-47F3-88D6-64AA0EB7E747}.Debug|x64.Build.0 = Debug|iPhoneSimulator
		{5AC41CE4-EFEF-47F3-88D6-64AA0EB7E747}.Debug|x64.Deploy.0 = Debug|iPhoneSimulator
		{5AC41CE4-EFEF-47F3-88D6-64AA0EB7E747}.Debug|x86.ActiveCfg = Debug|iPhoneSimulator
		{5AC41CE4-EFEF-47F3-88D6-64AA0EB7E747}.Debug|x86.Build.0 = Debug|iPhoneSimulator
		{5AC41CE4-EFEF-47F3-88D6-64AA0EB7E747}.Debug|x86.Deploy.0 = Debug|iPhoneSimulator
		{5AC41CE4-EFEF-47F3-88D6-64AA0EB7E747}.Release|Any CPU.ActiveCfg = Release|iPhoneSimulator
		{5AC41CE4-EFEF-47F3-88D6-64AA0EB7E747}.Release|Any CPU.Build.0 = Release|iPhoneSimulator
		{5AC41CE4-EFEF-47F3-88D6-64AA0EB7E747}.Release|Any CPU.Deploy.0 = Release|iPhoneSimulator
		{5AC41CE4-EFEF-47F3-88D6-64AA0EB7E747}.Release|ARM.ActiveCfg = Release|iPhoneSimulator
		{5AC41CE4-EFEF-47F3-88D6-64AA0EB7E747}.Release|ARM.Build.0 = Release|iPhoneSimulator
		{5AC41CE4-EFEF-47F3-88D6-64AA0EB7E747}.Release|ARM.Deploy.0 = Release|iPhoneSimulator
		{5AC41CE4-EFEF-47F3-88D6-64AA0EB7E747}.Release|iPhone.ActiveCfg = Release|iPhone
		{5AC41CE4-EFEF-47F3-88D6-64AA0EB7E747}.Release|iPhone.Build.0 = Release|iPhone
		{5AC41CE4-EFEF-47F3-88D6-64AA0EB7E747}.Release|iPhone.Deploy.0 = Release|iPhone
		{5AC41CE4-EFEF-47F3-88D6-64AA0EB7E747}.Release|iPhoneSimulator.ActiveCfg = Release|iPhoneSimulator
		{5AC41CE4-EFEF-47F3-88D6-64AA0EB7E747}.Release|iPhoneSimulator.Build.0 = Release|iPhoneSimulator
		{5AC41CE4-EFEF-47F3-88D6-64AA0EB7E747}.Release|iPhoneSimulator.Deploy.0 = Release|iPhoneSimulator
		{5AC41CE4-EFEF-47F3-88D6-64AA0EB7E747}.Release|x64.ActiveCfg = Release|iPhoneSimulator
		{5AC41CE4-EFEF-47F3-88D6-64AA0EB7E747}.Release|x64.Build.0 = Release|iPhoneSimulator
		{5AC41CE4-EFEF-47F3-88D6-64AA0EB7E747}.Release|x64.Deploy.0 = Release|iPhoneSimulator
		{5AC41CE4-EFEF-47F3-88D6-64AA0EB7E747}.Release|x86.ActiveCfg = Release|iPhoneSimulator
		{5AC41CE4-EFEF-47F3-88D6-64AA0EB7E747}.Release|x86.Build.0 = Release|iPhoneSimulator
		{5AC41CE4-EFEF-47F3-88D6-64AA0EB7E747}.Release|x86.Deploy.0 = Release|iPhoneSimulator
		{0223975F-EAF5-446E-905E-FA5A8EFD3629}.Debug|Any CPU.ActiveCfg = Debug|Any CPU
		{0223975F-EAF5-446E-905E-FA5A8EFD3629}.Debug|Any CPU.Build.0 = Debug|Any CPU
		{0223975F-EAF5-446E-905E-FA5A8EFD3629}.Debug|Any CPU.Deploy.0 = Debug|Any CPU
		{0223975F-EAF5-446E-905E-FA5A8EFD3629}.Debug|ARM.ActiveCfg = Debug|Any CPU
		{0223975F-EAF5-446E-905E-FA5A8EFD3629}.Debug|ARM.Build.0 = Debug|Any CPU
		{0223975F-EAF5-446E-905E-FA5A8EFD3629}.Debug|ARM.Deploy.0 = Debug|Any CPU
		{0223975F-EAF5-446E-905E-FA5A8EFD3629}.Debug|iPhone.ActiveCfg = Debug|Any CPU
		{0223975F-EAF5-446E-905E-FA5A8EFD3629}.Debug|iPhone.Build.0 = Debug|Any CPU
		{0223975F-EAF5-446E-905E-FA5A8EFD3629}.Debug|iPhone.Deploy.0 = Debug|Any CPU
		{0223975F-EAF5-446E-905E-FA5A8EFD3629}.Debug|iPhoneSimulator.ActiveCfg = Debug|Any CPU
		{0223975F-EAF5-446E-905E-FA5A8EFD3629}.Debug|iPhoneSimulator.Build.0 = Debug|Any CPU
		{0223975F-EAF5-446E-905E-FA5A8EFD3629}.Debug|iPhoneSimulator.Deploy.0 = Debug|Any CPU
		{0223975F-EAF5-446E-905E-FA5A8EFD3629}.Debug|x64.ActiveCfg = Debug|Any CPU
		{0223975F-EAF5-446E-905E-FA5A8EFD3629}.Debug|x64.Build.0 = Debug|Any CPU
		{0223975F-EAF5-446E-905E-FA5A8EFD3629}.Debug|x64.Deploy.0 = Debug|Any CPU
		{0223975F-EAF5-446E-905E-FA5A8EFD3629}.Debug|x86.ActiveCfg = Debug|Any CPU
		{0223975F-EAF5-446E-905E-FA5A8EFD3629}.Debug|x86.Build.0 = Debug|Any CPU
		{0223975F-EAF5-446E-905E-FA5A8EFD3629}.Debug|x86.Deploy.0 = Debug|Any CPU
		{0223975F-EAF5-446E-905E-FA5A8EFD3629}.Release|Any CPU.ActiveCfg = Release|Any CPU
		{0223975F-EAF5-446E-905E-FA5A8EFD3629}.Release|Any CPU.Build.0 = Release|Any CPU
		{0223975F-EAF5-446E-905E-FA5A8EFD3629}.Release|Any CPU.Deploy.0 = Release|Any CPU
		{0223975F-EAF5-446E-905E-FA5A8EFD3629}.Release|ARM.ActiveCfg = Release|Any CPU
		{0223975F-EAF5-446E-905E-FA5A8EFD3629}.Release|ARM.Build.0 = Release|Any CPU
		{0223975F-EAF5-446E-905E-FA5A8EFD3629}.Release|ARM.Deploy.0 = Release|Any CPU
		{0223975F-EAF5-446E-905E-FA5A8EFD3629}.Release|iPhone.ActiveCfg = Release|Any CPU
		{0223975F-EAF5-446E-905E-FA5A8EFD3629}.Release|iPhone.Build.0 = Release|Any CPU
		{0223975F-EAF5-446E-905E-FA5A8EFD3629}.Release|iPhone.Deploy.0 = Release|Any CPU
		{0223975F-EAF5-446E-905E-FA5A8EFD3629}.Release|iPhoneSimulator.ActiveCfg = Release|Any CPU
		{0223975F-EAF5-446E-905E-FA5A8EFD3629}.Release|iPhoneSimulator.Build.0 = Release|Any CPU
		{0223975F-EAF5-446E-905E-FA5A8EFD3629}.Release|iPhoneSimulator.Deploy.0 = Release|Any CPU
		{0223975F-EAF5-446E-905E-FA5A8EFD3629}.Release|x64.ActiveCfg = Release|Any CPU
		{0223975F-EAF5-446E-905E-FA5A8EFD3629}.Release|x64.Build.0 = Release|Any CPU
		{0223975F-EAF5-446E-905E-FA5A8EFD3629}.Release|x64.Deploy.0 = Release|Any CPU
		{0223975F-EAF5-446E-905E-FA5A8EFD3629}.Release|x86.ActiveCfg = Release|Any CPU
		{0223975F-EAF5-446E-905E-FA5A8EFD3629}.Release|x86.Build.0 = Release|Any CPU
		{0223975F-EAF5-446E-905E-FA5A8EFD3629}.Release|x86.Deploy.0 = Release|Any CPU
	EndGlobalSection
	GlobalSection(SolutionProperties) = preSolution
		HideSolutionNode = FALSE
	EndGlobalSection
	GlobalSection(ExtensibilityGlobals) = postSolution
		SolutionGuid = {86046CB1-83CB-4384-B768-29D79745296E}
	EndGlobalSection
EndGlobal
